<?xml version="1.0" encoding="utf-8"?>
<Project ToolsVersion="4.0" xmlns="http://schemas.microsoft.com/developer/msbuild/2003">
  <ItemGroup>
    <Filter Include="Source Files">
      <UniqueIdentifier>{4FC737F1-C7A5-4376-A066-2A32D752A2FF}</UniqueIdentifier>
      <Extensions>cpp;c;cc;cxx;def;odl;idl;hpj;bat;asm;asmx</Extensions>
    </Filter>
    <Filter Include="Header Files">
      <UniqueIdentifier>{93995380-89BD-4b04-88EB-625FBE52EBFB}</UniqueIdentifier>
      <Extensions>h;hh;hpp;hxx;hm;inl;inc;xsd</Extensions>
    </Filter>
    <Filter Include="Resource Files">
      <UniqueIdentifier>{67DA6AB6-F800-4c08-8B7A-83BB121AAD01}</UniqueIdentifier>
      <Extensions>rc;ico;cur;bmp;dlg;rc2;rct;bin;rgs;gif;jpg;jpeg;jpe;resx;tiff;tif;png;wav</Extensions>
    </Filter>
  </ItemGroup>
  <ItemGroup>
    <ClCompile Include="utils\chrono.c">
      <Filter>Source Files</Filter>
    </ClCompile>
    <ClCompile Include="cplex\cplex.c">
      <Filter>Source Files</Filter>
    </ClCompile>
    <ClCompile Include="heuristics\heuristics.c">
      <Filter>Source Files</Filter>
    </ClCompile>
    <ClCompile Include="heuristics\h_annealing.c">
      <Filter>Source Files</Filter>
    </ClCompile>
    <ClCompile Include="heuristics\h_extra_mileage.c">
      <Filter>Source Files</Filter>
    </ClCompile>
    <ClCompile Include="heuristics\h_genetic.c">
      <Filter>Source Files</Filter>
    </ClCompile>
    <ClCompile Include="heuristics\h_greedy.c">
      <Filter>Source Files</Filter>
    </ClCompile>
    <ClCompile Include="heuristics\h_opt2.c">
      <Filter>Source Files</Filter>
    </ClCompile>
    <ClCompile Include="heuristics\h_tabu.c">
      <Filter>Source Files</Filter>
    </ClCompile>
    <ClCompile Include="heuristics\h_VNS.c">
      <Filter>Source Files</Filter>
    </ClCompile>
    <ClCompile Include="utils\input.c">
      <Filter>Source Files</Filter>
    </ClCompile>
    <ClCompile Include="main.c">
      <Filter>Source Files</Filter>
    </ClCompile>
    <ClCompile Include="utils\performance.c">
      <Filter>Source Files</Filter>
    </ClCompile>
    <ClCompile Include="utils\tsp.c">
      <Filter>Source Files</Filter>
    </ClCompile>
    <ClCompile Include="cplex\c_benders.c">
      <Filter>Source Files</Filter>
    </ClCompile>
    <ClCompile Include="heuristics\h_refinement.c">
      <Filter>Source Files</Filter>
    </ClCompile>
    <ClCompile Include="cplex\callback.c">
      <Filter>Source Files</Filter>
    </ClCompile>
    <ClCompile Include="cplex\hardfix.c">
      <Filter>Source Files</Filter>
    </ClCompile>
  </ItemGroup>
  <ItemGroup>
    <ClInclude Include="utils\tsp.h">
      <Filter>Header Files</Filter>
    </ClInclude>
    <ClInclude Include="utils\utils.h">
      <Filter>Header Files</Filter>
    </ClInclude>
  </ItemGroup>
</Project>